
Microsoft Visual Studio Solution File, Format Version 11.00
# Visual Studio 2010
Project("{FAE04EC0-301F-11D3-BF4B-00C04F79EFBC}") = "NetworkAwarenessTest", "NetworkAwarenessTest\NetworkAwarenessTest.csproj", "{27C10B97-20D1-46F7-92BF-FC07037F900E}"
EndProject
Project("{FAE04EC0-301F-11D3-BF4B-00C04F79EFBC}") = "NetworkDetection", "NetworkDetection\NetworkDetection.csproj", "{794D79F0-E898-460D-BDB5-49FED553E0D5}"
EndProject
Project("{FAE04EC0-301F-11D3-BF4B-00C04F79EFBC}") = "NetworkNamespaces", "NetworkNamespaces\NetworkNamespaces.csproj", "{41A5C85F-7E30-418B-BAD2-AB2F40FF22CF}"
EndProject
Global
	GlobalSection(SolutionConfigurationPlatforms) = preSolution
		Debug|Any CPU = Debug|Any CPU
		Release|Any CPU = Release|Any CPU
	EndGlobalSection
	GlobalSection(ProjectConfigurationPlatforms) = postSolution
		{27C10B97-20D1-46F7-92BF-FC07037F900E}.Debug|Any CPU.ActiveCfg = Debug|Any CPU
		{27C10B97-20D1-46F7-92BF-FC07037F900E}.Debug|Any CPU.Build.0 = Debug|Any CPU
		{27C10B97-20D1-46F7-92BF-FC07037F900E}.Debug|Any CPU.Deploy.0 = Debug|Any CPU
		{27C10B97-20D1-46F7-92BF-FC07037F900E}.Release|Any CPU.ActiveCfg = Release|Any CPU
		{27C10B97-20D1-46F7-92BF-FC07037F900E}.Release|Any CPU.Build.0 = Release|Any CPU
		{27C10B97-20D1-46F7-92BF-FC07037F900E}.Release|Any CPU.Deploy.0 = Release|Any CPU
		{794D79F0-E898-460D-BDB5-49FED553E0D5}.Debug|Any CPU.ActiveCfg = Debug|Any CPU
		{794D79F0-E898-460D-BDB5-49FED553E0D5}.Debug|Any CPU.Build.0 = Debug|Any CPU
		{794D79F0-E898-460D-BDB5-49FED553E0D5}.Debug|Any CPU.Deploy.0 = Debug|Any CPU
		{794D79F0-E898-460D-BDB5-49FED553E0D5}.Release|Any CPU.ActiveCfg = Release|Any CPU
		{794D79F0-E898-460D-BDB5-49FED553E0D5}.Release|Any CPU.Build.0 = Release|Any CPU
		{794D79F0-E898-460D-BDB5-49FED553E0D5}.Release|Any CPU.Deploy.0 = Release|Any CPU
		{41A5C85F-7E30-418B-BAD2-AB2F40FF22CF}.Debug|Any CPU.ActiveCfg = Debug|Any CPU
		{41A5C85F-7E30-418B-BAD2-AB2F40FF22CF}.Debug|Any CPU.Build.0 = Debug|Any CPU
		{41A5C85F-7E30-418B-BAD2-AB2F40FF22CF}.Debug|Any CPU.Deploy.0 = Debug|Any CPU
		{41A5C85F-7E30-418B-BAD2-AB2F40FF22CF}.Release|Any CPU.ActiveCfg = Release|Any CPU
		{41A5C85F-7E30-418B-BAD2-AB2F40FF22CF}.Release|Any CPU.Build.0 = Release|Any CPU
		{41A5C85F-7E30-418B-BAD2-AB2F40FF22CF}.Release|Any CPU.Deploy.0 = Release|Any CPU
	EndGlobalSection
	GlobalSection(SolutionProperties) = preSolution
		HideSolutionNode = FALSE
	EndGlobalSection
EndGlobal
